// !$*UTF8*$!
{
	archiveVersion = 1;
	classes = {
	};
	objectVersion = 56;
	objects = {

/* Begin PBXBuildFile section */
		D71271022ABC419500CF0A55 /* SwiftKeychainWrapper in Frameworks */ = {isa = PBXBuildFile; productRef = D71271012ABC419500CF0A55 /* SwiftKeychainWrapper */; };
		D71271042ABC43D200CF0A55 /* TabBarController.swift in Sources */ = {isa = PBXBuildFile; fileRef = D71271032ABC43D200CF0A55 /* TabBarController.swift */; };
		D749EE432AA10D0D00E8459F /* SplashViewController.swift in Sources */ = {isa = PBXBuildFile; fileRef = D749EE422AA10D0D00E8459F /* SplashViewController.swift */; };
		D75624B92AC1B9EF005E65D3 /* ImagesListService.swift in Sources */ = {isa = PBXBuildFile; fileRef = D75624B82AC1B9EF005E65D3 /* ImagesListService.swift */; };
		D75624BC2AC1BA4C005E65D3 /* PhotoData.swift in Sources */ = {isa = PBXBuildFile; fileRef = D75624BB2AC1BA4C005E65D3 /* PhotoData.swift */; };
		D75624BE2AC1BD83005E65D3 /* PhotoResult.swift in Sources */ = {isa = PBXBuildFile; fileRef = D75624BD2AC1BD83005E65D3 /* PhotoResult.swift */; };
		D75CD8052AB0A27C00FA218A /* UIBlockingProgressHUD.swift in Sources */ = {isa = PBXBuildFile; fileRef = D75CD8042AB0A27C00FA218A /* UIBlockingProgressHUD.swift */; };
		D7698CF72A7D26620045331E /* ImagesListCell.swift in Sources */ = {isa = PBXBuildFile; fileRef = D7698CF62A7D26620045331E /* ImagesListCell.swift */; };
		D76EE1282A99555500F8E4A6 /* Constants.swift in Sources */ = {isa = PBXBuildFile; fileRef = D76EE1272A99555500F8E4A6 /* Constants.swift */; };
		D77092682A9C9EFB0080512B /* OAuth2Service.swift in Sources */ = {isa = PBXBuildFile; fileRef = D77092672A9C9EFB0080512B /* OAuth2Service.swift */; };
		D770926A2A9CA49F0080512B /* OAuth2TokenStorage.swift in Sources */ = {isa = PBXBuildFile; fileRef = D77092692A9CA49F0080512B /* OAuth2TokenStorage.swift */; };
		D776C0772A89E0C30017EDE4 /* ProfileViewController.swift in Sources */ = {isa = PBXBuildFile; fileRef = D776C0762A89E0C30017EDE4 /* ProfileViewController.swift */; };
		D776C07D2A89FCF40017EDE4 /* SingleImageViewController.swift in Sources */ = {isa = PBXBuildFile; fileRef = D776C07C2A89FCF40017EDE4 /* SingleImageViewController.swift */; };
		D7A90ADB2A76745F003B0C0C /* AppDelegate.swift in Sources */ = {isa = PBXBuildFile; fileRef = D7A90ADA2A76745F003B0C0C /* AppDelegate.swift */; };
		D7A90ADD2A76745F003B0C0C /* SceneDelegate.swift in Sources */ = {isa = PBXBuildFile; fileRef = D7A90ADC2A76745F003B0C0C /* SceneDelegate.swift */; };
		D7A90ADF2A76745F003B0C0C /* ImagesListViewController.swift in Sources */ = {isa = PBXBuildFile; fileRef = D7A90ADE2A76745F003B0C0C /* ImagesListViewController.swift */; };
		D7A90AE22A76745F003B0C0C /* Main.storyboard in Resources */ = {isa = PBXBuildFile; fileRef = D7A90AE02A76745F003B0C0C /* Main.storyboard */; };
		D7A90AE42A767461003B0C0C /* Assets.xcassets in Resources */ = {isa = PBXBuildFile; fileRef = D7A90AE32A767461003B0C0C /* Assets.xcassets */; };
		D7A90AE72A767461003B0C0C /* LaunchScreen.storyboard in Resources */ = {isa = PBXBuildFile; fileRef = D7A90AE52A767461003B0C0C /* LaunchScreen.storyboard */; };
		D7BA85E92ABC31E900601EC1 /* Kingfisher in Frameworks */ = {isa = PBXBuildFile; productRef = D7BA85E82ABC31E900601EC1 /* Kingfisher */; };
		D7BA85EC2ABC3F2E00601EC1 /* SwiftKeychainWrapper in Frameworks */ = {isa = PBXBuildFile; productRef = D7BA85EB2ABC3F2E00601EC1 /* SwiftKeychainWrapper */; };
		D7BA85EE2ABC401D00601EC1 /* SwiftKeychainWrapper in Frameworks */ = {isa = PBXBuildFile; productRef = D7BA85ED2ABC401D00601EC1 /* SwiftKeychainWrapper */; };
		D7BD25232AABCE5900F6F3A7 /* ProgressHUD in Frameworks */ = {isa = PBXBuildFile; productRef = D7BD25222AABCE5900F6F3A7 /* ProgressHUD */; };
		D7BF4E2E2A9A1D650009C0F2 /* WebViewViewController.swift in Sources */ = {isa = PBXBuildFile; fileRef = D7BF4E2D2A9A1D650009C0F2 /* WebViewViewController.swift */; };
		D7E276182AB480CA006B9A9F /* ProfileService.swift in Sources */ = {isa = PBXBuildFile; fileRef = D7E276172AB480CA006B9A9F /* ProfileService.swift */; };
		D7E2761A2AB73A34006B9A9F /* ProfileImageService.swift in Sources */ = {isa = PBXBuildFile; fileRef = D7E276192AB73A34006B9A9F /* ProfileImageService.swift */; };
		D7F168ED2A9A19A70054E8C0 /* AuthViewController.swift in Sources */ = {isa = PBXBuildFile; fileRef = D7F168EC2A9A19A70054E8C0 /* AuthViewController.swift */; };
/* End PBXBuildFile section */

/* Begin PBXContainerItemProxy section */
		D75624C72AC232F5005E65D3 /* PBXContainerItemProxy */ = {
			isa = PBXContainerItemProxy;
			containerPortal = D7A90ACF2A76745F003B0C0C /* Project object */;
			proxyType = 1;
			remoteGlobalIDString = D7A90AD62A76745F003B0C0C;
			remoteInfo = ImageFeed;
		};
/* End PBXContainerItemProxy section */

/* Begin PBXFileReference section */
		D71271032ABC43D200CF0A55 /* TabBarController.swift */ = {isa = PBXFileReference; lastKnownFileType = sourcecode.swift; path = TabBarController.swift; sourceTree = "<group>"; };
		D749EE422AA10D0D00E8459F /* SplashViewController.swift */ = {isa = PBXFileReference; lastKnownFileType = sourcecode.swift; path = SplashViewController.swift; sourceTree = "<group>"; };
		D75624B82AC1B9EF005E65D3 /* ImagesListService.swift */ = {isa = PBXFileReference; lastKnownFileType = sourcecode.swift; path = ImagesListService.swift; sourceTree = "<group>"; };
		D75624BB2AC1BA4C005E65D3 /* PhotoData.swift */ = {isa = PBXFileReference; lastKnownFileType = sourcecode.swift; path = PhotoData.swift; sourceTree = "<group>"; };
		D75624BD2AC1BD83005E65D3 /* PhotoResult.swift */ = {isa = PBXFileReference; lastKnownFileType = sourcecode.swift; path = PhotoResult.swift; sourceTree = "<group>"; };
		D75624C32AC232F4005E65D3 /* ImageFeedTests.xctest */ = {isa = PBXFileReference; explicitFileType = wrapper.cfbundle; includeInIndex = 0; path = ImageFeedTests.xctest; sourceTree = BUILT_PRODUCTS_DIR; };
		D75CD8042AB0A27C00FA218A /* UIBlockingProgressHUD.swift */ = {isa = PBXFileReference; lastKnownFileType = sourcecode.swift; path = UIBlockingProgressHUD.swift; sourceTree = "<group>"; };
		D7698CF62A7D26620045331E /* ImagesListCell.swift */ = {isa = PBXFileReference; lastKnownFileType = sourcecode.swift; path = ImagesListCell.swift; sourceTree = "<group>"; };
		D76EE1272A99555500F8E4A6 /* Constants.swift */ = {isa = PBXFileReference; lastKnownFileType = sourcecode.swift; path = Constants.swift; sourceTree = "<group>"; };
		D77092672A9C9EFB0080512B /* OAuth2Service.swift */ = {isa = PBXFileReference; lastKnownFileType = sourcecode.swift; path = OAuth2Service.swift; sourceTree = "<group>"; };
		D77092692A9CA49F0080512B /* OAuth2TokenStorage.swift */ = {isa = PBXFileReference; lastKnownFileType = sourcecode.swift; path = OAuth2TokenStorage.swift; sourceTree = "<group>"; };
		D776C0762A89E0C30017EDE4 /* ProfileViewController.swift */ = {isa = PBXFileReference; lastKnownFileType = sourcecode.swift; path = ProfileViewController.swift; sourceTree = "<group>"; };
		D776C07C2A89FCF40017EDE4 /* SingleImageViewController.swift */ = {isa = PBXFileReference; lastKnownFileType = sourcecode.swift; path = SingleImageViewController.swift; sourceTree = "<group>"; };
		D7A90AD72A76745F003B0C0C /* ImageFeed.app */ = {isa = PBXFileReference; explicitFileType = wrapper.application; includeInIndex = 0; path = ImageFeed.app; sourceTree = BUILT_PRODUCTS_DIR; };
		D7A90ADA2A76745F003B0C0C /* AppDelegate.swift */ = {isa = PBXFileReference; lastKnownFileType = sourcecode.swift; path = AppDelegate.swift; sourceTree = "<group>"; };
		D7A90ADC2A76745F003B0C0C /* SceneDelegate.swift */ = {isa = PBXFileReference; lastKnownFileType = sourcecode.swift; path = SceneDelegate.swift; sourceTree = "<group>"; };
		D7A90ADE2A76745F003B0C0C /* ImagesListViewController.swift */ = {isa = PBXFileReference; lastKnownFileType = sourcecode.swift; path = ImagesListViewController.swift; sourceTree = "<group>"; };
		D7A90AE12A76745F003B0C0C /* Base */ = {isa = PBXFileReference; lastKnownFileType = file.storyboard; name = Base; path = Base.lproj/Main.storyboard; sourceTree = "<group>"; };
		D7A90AE32A767461003B0C0C /* Assets.xcassets */ = {isa = PBXFileReference; lastKnownFileType = folder.assetcatalog; path = Assets.xcassets; sourceTree = "<group>"; };
		D7A90AE62A767461003B0C0C /* Base */ = {isa = PBXFileReference; lastKnownFileType = file.storyboard; name = Base; path = Base.lproj/LaunchScreen.storyboard; sourceTree = "<group>"; };
		D7A90AE82A767461003B0C0C /* Info.plist */ = {isa = PBXFileReference; lastKnownFileType = text.plist.xml; path = Info.plist; sourceTree = "<group>"; };
		D7BF4E2D2A9A1D650009C0F2 /* WebViewViewController.swift */ = {isa = PBXFileReference; lastKnownFileType = sourcecode.swift; path = WebViewViewController.swift; sourceTree = "<group>"; };
		D7E276172AB480CA006B9A9F /* ProfileService.swift */ = {isa = PBXFileReference; lastKnownFileType = sourcecode.swift; path = ProfileService.swift; sourceTree = "<group>"; };
		D7E276192AB73A34006B9A9F /* ProfileImageService.swift */ = {isa = PBXFileReference; lastKnownFileType = sourcecode.swift; path = ProfileImageService.swift; sourceTree = "<group>"; };
		D7F168EC2A9A19A70054E8C0 /* AuthViewController.swift */ = {isa = PBXFileReference; lastKnownFileType = sourcecode.swift; path = AuthViewController.swift; sourceTree = "<group>"; };
/* End PBXFileReference section */

/* Begin PBXFrameworksBuildPhase section */
		D75624C02AC232F4005E65D3 /* Frameworks */ = {
			isa = PBXFrameworksBuildPhase;
			buildActionMask = 2147483647;
			files = (
			);
			runOnlyForDeploymentPostprocessing = 0;
		};
		D7A90AD42A76745F003B0C0C /* Frameworks */ = {
			isa = PBXFrameworksBuildPhase;
			buildActionMask = 2147483647;
			files = (
				D7BA85E92ABC31E900601EC1 /* Kingfisher in Frameworks */,
				D7BD25232AABCE5900F6F3A7 /* ProgressHUD in Frameworks */,
				D71271022ABC419500CF0A55 /* SwiftKeychainWrapper in Frameworks */,
				D7BA85EE2ABC401D00601EC1 /* SwiftKeychainWrapper in Frameworks */,
				D7BA85EC2ABC3F2E00601EC1 /* SwiftKeychainWrapper in Frameworks */,
			);
			runOnlyForDeploymentPostprocessing = 0;
		};
/* End PBXFrameworksBuildPhase section */

/* Begin PBXGroup section */
		D72399DE2A8EC826009FB605 /* fonts */ = {
			isa = PBXGroup;
			children = (
			);
			path = fonts;
			sourceTree = "<group>";
		};
		D749EE442AA11A6B00E8459F /* SplashView */ = {
			isa = PBXGroup;
			children = (
				D749EE422AA10D0D00E8459F /* SplashViewController.swift */,
			);
			path = SplashView;
			sourceTree = "<group>";
		};
		D75624BA2AC1BA3A005E65D3 /* Services */ = {
			isa = PBXGroup;
			children = (
				D75624B82AC1B9EF005E65D3 /* ImagesListService.swift */,
				D75624BB2AC1BA4C005E65D3 /* PhotoData.swift */,
				D75624BD2AC1BD83005E65D3 /* PhotoResult.swift */,
			);
			path = Services;
			sourceTree = "<group>";
		};
		D7698CF82A7D26950045331E /* ImagesList */ = {
			isa = PBXGroup;
			children = (
				D7A90ADE2A76745F003B0C0C /* ImagesListViewController.swift */,
				D7698CF62A7D26620045331E /* ImagesListCell.swift */,
			);
			path = ImagesList;
			sourceTree = "<group>";
		};
		D776C07A2A89FCC50017EDE4 /* ProfileView */ = {
			isa = PBXGroup;
			children = (
				D776C0762A89E0C30017EDE4 /* ProfileViewController.swift */,
				D7E276172AB480CA006B9A9F /* ProfileService.swift */,
				D7E276192AB73A34006B9A9F /* ProfileImageService.swift */,
			);
			path = ProfileView;
			sourceTree = "<group>";
		};
		D776C07B2A89FCDB0017EDE4 /* ImageView */ = {
			isa = PBXGroup;
			children = (
				D776C07C2A89FCF40017EDE4 /* SingleImageViewController.swift */,
			);
			path = ImageView;
			sourceTree = "<group>";
		};
		D7A90ACE2A76745F003B0C0C = {
			isa = PBXGroup;
			children = (
				D7A90AD92A76745F003B0C0C /* ImageFeed */,
				D7A90AD82A76745F003B0C0C /* Products */,
			);
			sourceTree = "<group>";
		};
		D7A90AD82A76745F003B0C0C /* Products */ = {
			isa = PBXGroup;
			children = (
				D7A90AD72A76745F003B0C0C /* ImageFeed.app */,
				D75624C32AC232F4005E65D3 /* ImageFeedTests.xctest */,
			);
			name = Products;
			sourceTree = "<group>";
		};
		D7A90AD92A76745F003B0C0C /* ImageFeed */ = {
			isa = PBXGroup;
			children = (
				D75624BA2AC1BA3A005E65D3 /* Services */,
				D749EE442AA11A6B00E8459F /* SplashView */,
				D7BF4E2F2A9A5CCC0009C0F2 /* WebView */,
				D7F168EB2A9A199A0054E8C0 /* Auth */,
				D76EE1272A99555500F8E4A6 /* Constants.swift */,
				D71271032ABC43D200CF0A55 /* TabBarController.swift */,
				D776C07B2A89FCDB0017EDE4 /* ImageView */,
				D776C07A2A89FCC50017EDE4 /* ProfileView */,
				D7698CF82A7D26950045331E /* ImagesList */,
				D7A90ADA2A76745F003B0C0C /* AppDelegate.swift */,
				D7A90ADC2A76745F003B0C0C /* SceneDelegate.swift */,
				D7A90AE02A76745F003B0C0C /* Main.storyboard */,
				D7A90AE32A767461003B0C0C /* Assets.xcassets */,
				D7A90AE52A767461003B0C0C /* LaunchScreen.storyboard */,
				D7A90AE82A767461003B0C0C /* Info.plist */,
				D72399DE2A8EC826009FB605 /* fonts */,
				D75CD8042AB0A27C00FA218A /* UIBlockingProgressHUD.swift */,
			);
			path = ImageFeed;
			sourceTree = "<group>";
		};
		D7BF4E2F2A9A5CCC0009C0F2 /* WebView */ = {
			isa = PBXGroup;
			children = (
				D7BF4E2D2A9A1D650009C0F2 /* WebViewViewController.swift */,
			);
			path = WebView;
			sourceTree = "<group>";
		};
		D7F168EB2A9A199A0054E8C0 /* Auth */ = {
			isa = PBXGroup;
			children = (
				D77092672A9C9EFB0080512B /* OAuth2Service.swift */,
				D7F168EC2A9A19A70054E8C0 /* AuthViewController.swift */,
				D77092692A9CA49F0080512B /* OAuth2TokenStorage.swift */,
			);
			path = Auth;
			sourceTree = "<group>";
		};
/* End PBXGroup section */

/* Begin PBXNativeTarget section */
		D75624C22AC232F4005E65D3 /* ImageFeedTests */ = {
			isa = PBXNativeTarget;
			buildConfigurationList = D75624C92AC232F5005E65D3 /* Build configuration list for PBXNativeTarget "ImageFeedTests" */;
			buildPhases = (
				D75624BF2AC232F4005E65D3 /* Sources */,
				D75624C02AC232F4005E65D3 /* Frameworks */,
				D75624C12AC232F4005E65D3 /* Resources */,
			);
			buildRules = (
			);
			dependencies = (
				D75624C82AC232F5005E65D3 /* PBXTargetDependency */,
			);
			name = ImageFeedTests;
			productName = ImageFeedTests;
			productReference = D75624C32AC232F4005E65D3 /* ImageFeedTests.xctest */;
			productType = "com.apple.product-type.bundle.unit-test";
		};
		D7A90AD62A76745F003B0C0C /* ImageFeed */ = {
			isa = PBXNativeTarget;
			buildConfigurationList = D7A90AEB2A767461003B0C0C /* Build configuration list for PBXNativeTarget "ImageFeed" */;
			buildPhases = (
				D7A90AD32A76745F003B0C0C /* Sources */,
				D7A90AD42A76745F003B0C0C /* Frameworks */,
				D7A90AD52A76745F003B0C0C /* Resources */,
			);
			buildRules = (
			);
			dependencies = (
			);
			name = ImageFeed;
			packageProductDependencies = (
				D7BD25222AABCE5900F6F3A7 /* ProgressHUD */,
				D7BA85E82ABC31E900601EC1 /* Kingfisher */,
				D7BA85EB2ABC3F2E00601EC1 /* SwiftKeychainWrapper */,
				D7BA85ED2ABC401D00601EC1 /* SwiftKeychainWrapper */,
				D71271012ABC419500CF0A55 /* SwiftKeychainWrapper */,
			);
			productName = ImageFeed;
			productReference = D7A90AD72A76745F003B0C0C /* ImageFeed.app */;
			productType = "com.apple.product-type.application";
		};
/* End PBXNativeTarget section */

/* Begin PBXProject section */
		D7A90ACF2A76745F003B0C0C /* Project object */ = {
			isa = PBXProject;
			attributes = {
				BuildIndependentTargetsInParallel = 1;
				LastSwiftUpdateCheck = 1500;
				LastUpgradeCheck = 1500;
				TargetAttributes = {
					D75624C22AC232F4005E65D3 = {
						CreatedOnToolsVersion = 15.0;
						TestTargetID = D7A90AD62A76745F003B0C0C;
					};
					D7A90AD62A76745F003B0C0C = {
						CreatedOnToolsVersion = 14.3.1;
					};
				};
			};
			buildConfigurationList = D7A90AD22A76745F003B0C0C /* Build configuration list for PBXProject "ImageFeed" */;
			compatibilityVersion = "Xcode 14.0";
			developmentRegion = en;
			hasScannedForEncodings = 0;
			knownRegions = (
				en,
				Base,
			);
			mainGroup = D7A90ACE2A76745F003B0C0C;
			packageReferences = (
				D7BD25212AABCE5900F6F3A7 /* XCRemoteSwiftPackageReference "ProgressHUD" */,
				D7BA85E72ABC31E800601EC1 /* XCRemoteSwiftPackageReference "Kingfisher" */,
				D7BA85EA2ABC3F2E00601EC1 /* XCRemoteSwiftPackageReference "SwiftKeychainWrapper" */,
			);
			productRefGroup = D7A90AD82A76745F003B0C0C /* Products */;
			projectDirPath = "";
			projectRoot = "";
			targets = (
				D7A90AD62A76745F003B0C0C /* ImageFeed */,
				D75624C22AC232F4005E65D3 /* ImageFeedTests */,
			);
		};
/* End PBXProject section */

/* Begin PBXResourcesBuildPhase section */
		D75624C12AC232F4005E65D3 /* Resources */ = {
			isa = PBXResourcesBuildPhase;
			buildActionMask = 2147483647;
			files = (
			);
			runOnlyForDeploymentPostprocessing = 0;
		};
		D7A90AD52A76745F003B0C0C /* Resources */ = {
			isa = PBXResourcesBuildPhase;
			buildActionMask = 2147483647;
			files = (
				D7A90AE72A767461003B0C0C /* LaunchScreen.storyboard in Resources */,
				D7A90AE42A767461003B0C0C /* Assets.xcassets in Resources */,
				D7A90AE22A76745F003B0C0C /* Main.storyboard in Resources */,
			);
			runOnlyForDeploymentPostprocessing = 0;
		};
/* End PBXResourcesBuildPhase section */

/* Begin PBXSourcesBuildPhase section */
		D75624BF2AC232F4005E65D3 /* Sources */ = {
			isa = PBXSourcesBuildPhase;
			buildActionMask = 2147483647;
			files = (
			);
			runOnlyForDeploymentPostprocessing = 0;
		};
		D7A90AD32A76745F003B0C0C /* Sources */ = {
			isa = PBXSourcesBuildPhase;
			buildActionMask = 2147483647;
			files = (
				D7A90ADF2A76745F003B0C0C /* ImagesListViewController.swift in Sources */,
				D71271042ABC43D200CF0A55 /* TabBarController.swift in Sources */,
				D75624BC2AC1BA4C005E65D3 /* PhotoData.swift in Sources */,
				D7698CF72A7D26620045331E /* ImagesListCell.swift in Sources */,
				D75624B92AC1B9EF005E65D3 /* ImagesListService.swift in Sources */,
				D76EE1282A99555500F8E4A6 /* Constants.swift in Sources */,
				D749EE432AA10D0D00E8459F /* SplashViewController.swift in Sources */,
				D776C0772A89E0C30017EDE4 /* ProfileViewController.swift in Sources */,
				D75624BE2AC1BD83005E65D3 /* PhotoResult.swift in Sources */,
				D770926A2A9CA49F0080512B /* OAuth2TokenStorage.swift in Sources */,
				D75CD8052AB0A27C00FA218A /* UIBlockingProgressHUD.swift in Sources */,
				D7F168ED2A9A19A70054E8C0 /* AuthViewController.swift in Sources */,
				D7A90ADB2A76745F003B0C0C /* AppDelegate.swift in Sources */,
				D776C07D2A89FCF40017EDE4 /* SingleImageViewController.swift in Sources */,
				D7BF4E2E2A9A1D650009C0F2 /* WebViewViewController.swift in Sources */,
				D77092682A9C9EFB0080512B /* OAuth2Service.swift in Sources */,
				D7E2761A2AB73A34006B9A9F /* ProfileImageService.swift in Sources */,
				D7A90ADD2A76745F003B0C0C /* SceneDelegate.swift in Sources */,
				D7E276182AB480CA006B9A9F /* ProfileService.swift in Sources */,
			);
			runOnlyForDeploymentPostprocessing = 0;
		};
/* End PBXSourcesBuildPhase section */

/* Begin PBXTargetDependency section */
		D75624C82AC232F5005E65D3 /* PBXTargetDependency */ = {
			isa = PBXTargetDependency;
			target = D7A90AD62A76745F003B0C0C /* ImageFeed */;
			targetProxy = D75624C72AC232F5005E65D3 /* PBXContainerItemProxy */;
		};
/* End PBXTargetDependency section */

/* Begin PBXVariantGroup section */
		D7A90AE02A76745F003B0C0C /* Main.storyboard */ = {
			isa = PBXVariantGroup;
			children = (
				D7A90AE12A76745F003B0C0C /* Base */,
			);
			name = Main.storyboard;
			sourceTree = "<group>";
		};
		D7A90AE52A767461003B0C0C /* LaunchScreen.storyboard */ = {
			isa = PBXVariantGroup;
			children = (
				D7A90AE62A767461003B0C0C /* Base */,
			);
			name = LaunchScreen.storyboard;
			sourceTree = "<group>";
		};
/* End PBXVariantGroup section */

/* Begin XCBuildConfiguration section */
		D75624CA2AC232F5005E65D3 /* Debug */ = {
			isa = XCBuildConfiguration;
			buildSettings = {
				ASSETCATALOG_COMPILER_GENERATE_SWIFT_ASSET_SYMBOL_EXTENSIONS = YES;
				BUNDLE_LOADER = "$(TEST_HOST)";
				CODE_SIGN_STYLE = Automatic;
				CURRENT_PROJECT_VERSION = 1;
				DEVELOPMENT_TEAM = SR8M6C93J7;
				GCC_C_LANGUAGE_STANDARD = gnu17;
				GENERATE_INFOPLIST_FILE = YES;
				IPHONEOS_DEPLOYMENT_TARGET = 17.0;
				LOCALIZATION_PREFERS_STRING_CATALOGS = YES;
				MARKETING_VERSION = 1.0;
				PRODUCT_BUNDLE_IDENTIFIER = com.mrVol.ImageFeedTests;
				PRODUCT_NAME = "$(TARGET_NAME)";
				SWIFT_ACTIVE_COMPILATION_CONDITIONS = "DEBUG $(inherited)";
				SWIFT_EMIT_LOC_STRINGS = NO;
				SWIFT_VERSION = 5.0;
				TARGETED_DEVICE_FAMILY = "1,2";
				TEST_HOST = "$(BUILT_PRODUCTS_DIR)/ImageFeed.app/$(BUNDLE_EXECUTABLE_FOLDER_PATH)/ImageFeed";
			};
			name = Debug;
		};
		D75624CB2AC232F5005E65D3 /* Release */ = {
			isa = XCBuildConfiguration;
			buildSettings = {
				ASSETCATALOG_COMPILER_GENERATE_SWIFT_ASSET_SYMBOL_EXTENSIONS = YES;
				BUNDLE_LOADER = "$(TEST_HOST)";
				CODE_SIGN_STYLE = Automatic;
				CURRENT_PROJECT_VERSION = 1;
				DEVELOPMENT_TEAM = SR8M6C93J7;
				GCC_C_LANGUAGE_STANDARD = gnu17;
				GENERATE_INFOPLIST_FILE = YES;
				IPHONEOS_DEPLOYMENT_TARGET = 17.0;
				LOCALIZATION_PREFERS_STRING_CATALOGS = YES;
				MARKETING_VERSION = 1.0;
				PRODUCT_BUNDLE_IDENTIFIER = com.mrVol.ImageFeedTests;
				PRODUCT_NAME = "$(TARGET_NAME)";
				SWIFT_EMIT_LOC_STRINGS = NO;
				SWIFT_VERSION = 5.0;
				TARGETED_DEVICE_FAMILY = "1,2";
				TEST_HOST = "$(BUILT_PRODUCTS_DIR)/ImageFeed.app/$(BUNDLE_EXECUTABLE_FOLDER_PATH)/ImageFeed";
			};
			name = Release;
		};
		D7A90AE92A767461003B0C0C /* Debug */ = {
			isa = XCBuildConfiguration;
			buildSettings = {
				ALWAYS_SEARCH_USER_PATHS = NO;
				CLANG_ANALYZER_NONNULL = YES;
				CLANG_ANALYZER_NUMBER_OBJECT_CONVERSION = YES_AGGRESSIVE;
				CLANG_CXX_LANGUAGE_STANDARD = "gnu++20";
				CLANG_ENABLE_MODULES = YES;
				CLANG_ENABLE_OBJC_ARC = YES;
				CLANG_ENABLE_OBJC_WEAK = YES;
				CLANG_WARN_BLOCK_CAPTURE_AUTORELEASING = YES;
				CLANG_WARN_BOOL_CONVERSION = YES;
				CLANG_WARN_COMMA = YES;
				CLANG_WARN_CONSTANT_CONVERSION = YES;
				CLANG_WARN_DEPRECATED_OBJC_IMPLEMENTATIONS = YES;
				CLANG_WARN_DIRECT_OBJC_ISA_USAGE = YES_ERROR;
				CLANG_WARN_DOCUMENTATION_COMMENTS = YES;
				CLANG_WARN_EMPTY_BODY = YES;
				CLANG_WARN_ENUM_CONVERSION = YES;
				CLANG_WARN_INFINITE_RECURSION = YES;
				CLANG_WARN_INT_CONVERSION = YES;
				CLANG_WARN_NON_LITERAL_NULL_CONVERSION = YES;
				CLANG_WARN_OBJC_IMPLICIT_RETAIN_SELF = YES;
				CLANG_WARN_OBJC_LITERAL_CONVERSION = YES;
				CLANG_WARN_OBJC_ROOT_CLASS = YES_ERROR;
				CLANG_WARN_QUOTED_INCLUDE_IN_FRAMEWORK_HEADER = YES;
				CLANG_WARN_RANGE_LOOP_ANALYSIS = YES;
				CLANG_WARN_STRICT_PROTOTYPES = YES;
				CLANG_WARN_SUSPICIOUS_MOVE = YES;
				CLANG_WARN_UNGUARDED_AVAILABILITY = YES_AGGRESSIVE;
				CLANG_WARN_UNREACHABLE_CODE = YES;
				CLANG_WARN__DUPLICATE_METHOD_MATCH = YES;
				COPY_PHASE_STRIP = NO;
				DEBUG_INFORMATION_FORMAT = dwarf;
				ENABLE_STRICT_OBJC_MSGSEND = YES;
				ENABLE_TESTABILITY = YES;
				ENABLE_USER_SCRIPT_SANDBOXING = YES;
				GCC_C_LANGUAGE_STANDARD = gnu11;
				GCC_DYNAMIC_NO_PIC = NO;
				GCC_NO_COMMON_BLOCKS = YES;
				GCC_OPTIMIZATION_LEVEL = 0;
				GCC_PREPROCESSOR_DEFINITIONS = (
					"DEBUG=1",
					"$(inherited)",
				);
				GCC_WARN_64_TO_32_BIT_CONVERSION = YES;
				GCC_WARN_ABOUT_RETURN_TYPE = YES_ERROR;
				GCC_WARN_UNDECLARED_SELECTOR = YES;
				GCC_WARN_UNINITIALIZED_AUTOS = YES_AGGRESSIVE;
				GCC_WARN_UNUSED_FUNCTION = YES;
				GCC_WARN_UNUSED_VARIABLE = YES;
				IPHONEOS_DEPLOYMENT_TARGET = 13.0;
				MTL_ENABLE_DEBUG_INFO = INCLUDE_SOURCE;
				MTL_FAST_MATH = YES;
				ONLY_ACTIVE_ARCH = YES;
				SDKROOT = iphoneos;
				SWIFT_ACTIVE_COMPILATION_CONDITIONS = DEBUG;
				SWIFT_OPTIMIZATION_LEVEL = "-Onone";
			};
			name = Debug;
		};
		D7A90AEA2A767461003B0C0C /* Release */ = {
			isa = XCBuildConfiguration;
			buildSettings = {
				ALWAYS_SEARCH_USER_PATHS = NO;
				CLANG_ANALYZER_NONNULL = YES;
				CLANG_ANALYZER_NUMBER_OBJECT_CONVERSION = YES_AGGRESSIVE;
				CLANG_CXX_LANGUAGE_STANDARD = "gnu++20";
				CLANG_ENABLE_MODULES = YES;
				CLANG_ENABLE_OBJC_ARC = YES;
				CLANG_ENABLE_OBJC_WEAK = YES;
				CLANG_WARN_BLOCK_CAPTURE_AUTORELEASING = YES;
				CLANG_WARN_BOOL_CONVERSION = YES;
				CLANG_WARN_COMMA = YES;
				CLANG_WARN_CONSTANT_CONVERSION = YES;
				CLANG_WARN_DEPRECATED_OBJC_IMPLEMENTATIONS = YES;
				CLANG_WARN_DIRECT_OBJC_ISA_USAGE = YES_ERROR;
				CLANG_WARN_DOCUMENTATION_COMMENTS = YES;
				CLANG_WARN_EMPTY_BODY = YES;
				CLANG_WARN_ENUM_CONVERSION = YES;
				CLANG_WARN_INFINITE_RECURSION = YES;
				CLANG_WARN_INT_CONVERSION = YES;
				CLANG_WARN_NON_LITERAL_NULL_CONVERSION = YES;
				CLANG_WARN_OBJC_IMPLICIT_RETAIN_SELF = YES;
				CLANG_WARN_OBJC_LITERAL_CONVERSION = YES;
				CLANG_WARN_OBJC_ROOT_CLASS = YES_ERROR;
				CLANG_WARN_QUOTED_INCLUDE_IN_FRAMEWORK_HEADER = YES;
				CLANG_WARN_RANGE_LOOP_ANALYSIS = YES;
				CLANG_WARN_STRICT_PROTOTYPES = YES;
				CLANG_WARN_SUSPICIOUS_MOVE = YES;
				CLANG_WARN_UNGUARDED_AVAILABILITY = YES_AGGRESSIVE;
				CLANG_WARN_UNREACHABLE_CODE = YES;
				CLANG_WARN__DUPLICATE_METHOD_MATCH = YES;
				COPY_PHASE_STRIP = NO;
				DEBUG_INFORMATION_FORMAT = "dwarf-with-dsym";
				ENABLE_NS_ASSERTIONS = NO;
				ENABLE_STRICT_OBJC_MSGSEND = YES;
				ENABLE_USER_SCRIPT_SANDBOXING = YES;
				GCC_C_LANGUAGE_STANDARD = gnu11;
				GCC_NO_COMMON_BLOCKS = YES;
				GCC_WARN_64_TO_32_BIT_CONVERSION = YES;
				GCC_WARN_ABOUT_RETURN_TYPE = YES_ERROR;
				GCC_WARN_UNDECLARED_SELECTOR = YES;
				GCC_WARN_UNINITIALIZED_AUTOS = YES_AGGRESSIVE;
				GCC_WARN_UNUSED_FUNCTION = YES;
				GCC_WARN_UNUSED_VARIABLE = YES;
				IPHONEOS_DEPLOYMENT_TARGET = 13.0;
				MTL_ENABLE_DEBUG_INFO = NO;
				MTL_FAST_MATH = YES;
				SDKROOT = iphoneos;
				SWIFT_COMPILATION_MODE = wholemodule;
				SWIFT_OPTIMIZATION_LEVEL = "-O";
				VALIDATE_PRODUCT = YES;
			};
			name = Release;
		};
		D7A90AEC2A767461003B0C0C /* Debug */ = {
			isa = XCBuildConfiguration;
			buildSettings = {
				ASSETCATALOG_COMPILER_APPICON_NAME = AppIcon;
				ASSETCATALOG_COMPILER_GLOBAL_ACCENT_COLOR_NAME = AccentColor;
				CODE_SIGN_STYLE = Automatic;
				CURRENT_PROJECT_VERSION = 1;
				DEVELOPMENT_TEAM = SR8M6C93J7;
				GENERATE_INFOPLIST_FILE = YES;
				INFOPLIST_FILE = ImageFeed/Info.plist;
				INFOPLIST_KEY_UIApplicationSupportsIndirectInputEvents = YES;
				INFOPLIST_KEY_UILaunchStoryboardName = LaunchScreen;
				INFOPLIST_KEY_UIMainStoryboardFile = Main;
				INFOPLIST_KEY_UIRequiresFullScreen = NO;
				INFOPLIST_KEY_UIStatusBarStyle = UIStatusBarStyleLightContent;
				INFOPLIST_KEY_UISupportedInterfaceOrientations = UIInterfaceOrientationPortrait;
				INFOPLIST_KEY_UISupportedInterfaceOrientations_iPad = "UIInterfaceOrientationLandscapeLeft UIInterfaceOrientationLandscapeRight";
				IPHONEOS_DEPLOYMENT_TARGET = 13.0;
				LD_RUNPATH_SEARCH_PATHS = (
					"$(inherited)",
					"@executable_path/Frameworks",
				);
				MARKETING_VERSION = 1.0;
				PRODUCT_BUNDLE_IDENTIFIER = com.mrVol.ImageFeed;
				PRODUCT_NAME = "$(TARGET_NAME)";
				SUPPORTED_PLATFORMS = "iphoneos iphonesimulator";
				SUPPORTS_MACCATALYST = NO;
				SUPPORTS_MAC_DESIGNED_FOR_IPHONE_IPAD = NO;
				SWIFT_EMIT_LOC_STRINGS = YES;
				SWIFT_VERSION = 5.0;
				TARGETED_DEVICE_FAMILY = 1;
			};
			name = Debug;
		};
		D7A90AED2A767461003B0C0C /* Release */ = {
			isa = XCBuildConfiguration;
			buildSettings = {
				ASSETCATALOG_COMPILER_APPICON_NAME = AppIcon;
				ASSETCATALOG_COMPILER_GLOBAL_ACCENT_COLOR_NAME = AccentColor;
				CODE_SIGN_STYLE = Automatic;
				CURRENT_PROJECT_VERSION = 1;
				DEVELOPMENT_TEAM = SR8M6C93J7;
				GENERATE_INFOPLIST_FILE = YES;
				INFOPLIST_FILE = ImageFeed/Info.plist;
				INFOPLIST_KEY_UIApplicationSupportsIndirectInputEvents = YES;
				INFOPLIST_KEY_UILaunchStoryboardName = LaunchScreen;
				INFOPLIST_KEY_UIMainStoryboardFile = Main;
				INFOPLIST_KEY_UIRequiresFullScreen = NO;
				INFOPLIST_KEY_UIStatusBarStyle = UIStatusBarStyleLightContent;
				INFOPLIST_KEY_UISupportedInterfaceOrientations = UIInterfaceOrientationPortrait;
				INFOPLIST_KEY_UISupportedInterfaceOrientations_iPad = "UIInterfaceOrientationLandscapeLeft UIInterfaceOrientationLandscapeRight";
				IPHONEOS_DEPLOYMENT_TARGET = 13.0;
				LD_RUNPATH_SEARCH_PATHS = (
					"$(inherited)",
					"@executable_path/Frameworks",
				);
				MARKETING_VERSION = 1.0;
				PRODUCT_BUNDLE_IDENTIFIER = com.mrVol.ImageFeed;
				PRODUCT_NAME = "$(TARGET_NAME)";
				SUPPORTED_PLATFORMS = "iphoneos iphonesimulator";
				SUPPORTS_MACCATALYST = NO;
				SUPPORTS_MAC_DESIGNED_FOR_IPHONE_IPAD = NO;
				SWIFT_EMIT_LOC_STRINGS = YES;
				SWIFT_VERSION = 5.0;
				TARGETED_DEVICE_FAMILY = 1;
			};
			name = Release;
		};
/* End XCBuildConfiguration section */

/* Begin XCConfigurationList section */
		D75624C92AC232F5005E65D3 /* Build configuration list for PBXNativeTarget "ImageFeedTests" */ = {
			isa = XCConfigurationList;
			buildConfigurations = (
				D75624CA2AC232F5005E65D3 /* Debug */,
				D75624CB2AC232F5005E65D3 /* Release */,
			);
			defaultConfigurationIsVisible = 0;
			defaultConfigurationName = Release;
		};
		D7A90AD22A76745F003B0C0C /* Build configuration list for PBXProject "ImageFeed" */ = {
			isa = XCConfigurationList;
			buildConfigurations = (
				D7A90AE92A767461003B0C0C /* Debug */,
				D7A90AEA2A767461003B0C0C /* Release */,
			);
			defaultConfigurationIsVisible = 0;
			defaultConfigurationName = Release;
		};
		D7A90AEB2A767461003B0C0C /* Build configuration list for PBXNativeTarget "ImageFeed" */ = {
			isa = XCConfigurationList;
			buildConfigurations = (
				D7A90AEC2A767461003B0C0C /* Debug */,
				D7A90AED2A767461003B0C0C /* Release */,
			);
			defaultConfigurationIsVisible = 0;
			defaultConfigurationName = Release;
		};
/* End XCConfigurationList section */

/* Begin XCRemoteSwiftPackageReference section */
		D7BA85E72ABC31E800601EC1 /* XCRemoteSwiftPackageReference "Kingfisher" */ = {
			isa = XCRemoteSwiftPackageReference;
			repositoryURL = "https://github.com/onevcat/Kingfisher.git";
			requirement = {
				kind = exactVersion;
				version = 7.9.1;
			};
		};
		D7BA85EA2ABC3F2E00601EC1 /* XCRemoteSwiftPackageReference "SwiftKeychainWrapper" */ = {
			isa = XCRemoteSwiftPackageReference;
			repositoryURL = "https://github.com/jrendel/SwiftKeychainWrapper";
			requirement = {
				kind = exactVersion;
				version = 4.0.1;
			};
		};
		D7BD25212AABCE5900F6F3A7 /* XCRemoteSwiftPackageReference "ProgressHUD" */ = {
			isa = XCRemoteSwiftPackageReference;
			repositoryURL = "https://github.com/relatedcode/ProgressHUD";
			requirement = {
				kind = exactVersion;
				version = 13.7.2;
			};
		};
/* End XCRemoteSwiftPackageReference section */

/* Begin XCSwiftPackageProductDependency section */
		D71271012ABC419500CF0A55 /* SwiftKeychainWrapper */ = {
			isa = XCSwiftPackageProductDependency;
			package = D7BA85EA2ABC3F2E00601EC1 /* XCRemoteSwiftPackageReference "SwiftKeychainWrapper" */;
			productName = SwiftKeychainWrapper;
		};
		D7BA85E82ABC31E900601EC1 /* Kingfisher */ = {
			isa = XCSwiftPackageProductDependency;
			package = D7BA85E72ABC31E800601EC1 /* XCRemoteSwiftPackageReference "Kingfisher" */;
			productName = Kingfisher;
		};
		D7BA85EB2ABC3F2E00601EC1 /* SwiftKeychainWrapper */ = {
			isa = XCSwiftPackageProductDependency;
			package = D7BA85EA2ABC3F2E00601EC1 /* XCRemoteSwiftPackageReference "SwiftKeychainWrapper" */;
			productName = SwiftKeychainWrapper;
		};
		D7BA85ED2ABC401D00601EC1 /* SwiftKeychainWrapper */ = {
			isa = XCSwiftPackageProductDependency;
			package = D7BA85EA2ABC3F2E00601EC1 /* XCRemoteSwiftPackageReference "SwiftKeychainWrapper" */;
			productName = SwiftKeychainWrapper;
		};
		D7BD25222AABCE5900F6F3A7 /* ProgressHUD */ = {
			isa = XCSwiftPackageProductDependency;
			package = D7BD25212AABCE5900F6F3A7 /* XCRemoteSwiftPackageReference "ProgressHUD" */;
			productName = ProgressHUD;
		};
/* End XCSwiftPackageProductDependency section */
	};
	rootObject = D7A90ACF2A76745F003B0C0C /* Project object */;
}
